// !$*UTF8*$!
{
	archiveVersion = 1;
	classes = {
	};
	objectVersion = 56;
	objects = {

/* Begin PBXBuildFile section */
		695AFEA62AB3133C00846AB2 /* AppDelegate.swift in Sources */ = {isa = PBXBuildFile; fileRef = 695AFEA52AB3133C00846AB2 /* AppDelegate.swift */; };
		695AFEA82AB3133C00846AB2 /* SceneDelegate.swift in Sources */ = {isa = PBXBuildFile; fileRef = 695AFEA72AB3133C00846AB2 /* SceneDelegate.swift */; };
		695AFEAA2AB3133C00846AB2 /* ViewController.swift in Sources */ = {isa = PBXBuildFile; fileRef = 695AFEA92AB3133C00846AB2 /* ViewController.swift */; };
		695AFEAD2AB3133C00846AB2 /* Main.storyboard in Resources */ = {isa = PBXBuildFile; fileRef = 695AFEAB2AB3133C00846AB2 /* Main.storyboard */; };
		695AFEB02AB3133C00846AB2 /* Core_Data_Example.xcdatamodeld in Sources */ = {isa = PBXBuildFile; fileRef = 695AFEAE2AB3133C00846AB2 /* Core_Data_Example.xcdatamodeld */; };
		695AFEB22AB3133D00846AB2 /* Assets.xcassets in Resources */ = {isa = PBXBuildFile; fileRef = 695AFEB12AB3133D00846AB2 /* Assets.xcassets */; };
		695AFEB52AB3133D00846AB2 /* LaunchScreen.storyboard in Resources */ = {isa = PBXBuildFile; fileRef = 695AFEB32AB3133D00846AB2 /* LaunchScreen.storyboard */; };
/* End PBXBuildFile section */

/* Begin PBXFileReference section */
		695AFEA22AB3133C00846AB2 /* Core Data Example.app */ = {isa = PBXFileReference; explicitFileType = wrapper.application; includeInIndex = 0; path = "Core Data Example.app"; sourceTree = BUILT_PRODUCTS_DIR; };
		695AFEA52AB3133C00846AB2 /* AppDelegate.swift */ = {isa = PBXFileReference; lastKnownFileType = sourcecode.swift; path = AppDelegate.swift; sourceTree = "<group>"; };
		695AFEA72AB3133C00846AB2 /* SceneDelegate.swift */ = {isa = PBXFileReference; lastKnownFileType = sourcecode.swift; path = SceneDelegate.swift; sourceTree = "<group>"; };
		695AFEA92AB3133C00846AB2 /* ViewController.swift */ = {isa = PBXFileReference; lastKnownFileType = sourcecode.swift; path = ViewController.swift; sourceTree = "<group>"; };
		695AFEAC2AB3133C00846AB2 /* Base */ = {isa = PBXFileReference; lastKnownFileType = file.storyboard; name = Base; path = Base.lproj/Main.storyboard; sourceTree = "<group>"; };
		695AFEAF2AB3133C00846AB2 /* Core_Data_Example.xcdatamodel */ = {isa = PBXFileReference; lastKnownFileType = wrapper.xcdatamodel; path = Core_Data_Example.xcdatamodel; sourceTree = "<group>"; };
		695AFEB12AB3133D00846AB2 /* Assets.xcassets */ = {isa = PBXFileReference; lastKnownFileType = folder.assetcatalog; path = Assets.xcassets; sourceTree = "<group>"; };
		695AFEB42AB3133D00846AB2 /* Base */ = {isa = PBXFileReference; lastKnownFileType = file.storyboard; name = Base; path = Base.lproj/LaunchScreen.storyboard; sourceTree = "<group>"; };
		695AFEB62AB3133D00846AB2 /* Info.plist */ = {isa = PBXFileReference; lastKnownFileType = text.plist.xml; path = Info.plist; sourceTree = "<group>"; };
/* End PBXFileReference section */

/* Begin PBXFrameworksBuildPhase section */
		695AFE9F2AB3133C00846AB2 /* Frameworks */ = {
			isa = PBXFrameworksBuildPhase;
			buildActionMask = 2147483647;
			files = (
			);
			runOnlyForDeploymentPostprocessing = 0;
		};
/* End PBXFrameworksBuildPhase section */

/* Begin PBXGroup section */
		695AFE992AB3133C00846AB2 = {
			isa = PBXGroup;
			children = (
				695AFEA42AB3133C00846AB2 /* Core Data Example */,
				695AFEA32AB3133C00846AB2 /* Products */,
			);
			sourceTree = "<group>";
		};
		695AFEA32AB3133C00846AB2 /* Products */ = {
			isa = PBXGroup;
			children = (
				695AFEA22AB3133C00846AB2 /* Core Data Example.app */,
			);
			name = Products;
			sourceTree = "<group>";
		};
		695AFEA42AB3133C00846AB2 /* Core Data Example */ = {
			isa = PBXGroup;
			children = (
				695AFEA52AB3133C00846AB2 /* AppDelegate.swift */,
				695AFEA72AB3133C00846AB2 /* SceneDelegate.swift */,
				695AFEA92AB3133C00846AB2 /* ViewController.swift */,
				695AFEAB2AB3133C00846AB2 /* Main.storyboard */,
				695AFEB12AB3133D00846AB2 /* Assets.xcassets */,
				695AFEB32AB3133D00846AB2 /* LaunchScreen.storyboard */,
				695AFEB62AB3133D00846AB2 /* Info.plist */,
				695AFEAE2AB3133C00846AB2 /* Core_Data_Example.xcdatamodeld */,
			);
			path = "Core Data Example";
			sourceTree = "<group>";
		};
/* End PBXGroup section */

/* Begin PBXNativeTarget section */
		695AFEA12AB3133C00846AB2 /* Core Data Example */ = {
			isa = PBXNativeTarget;
			buildConfigurationList = 695AFEB92AB3133D00846AB2 /* Build configuration list for PBXNativeTarget "Core Data Example" */;
			buildPhases = (
				695AFE9E2AB3133C00846AB2 /* Sources */,
				695AFE9F2AB3133C00846AB2 /* Frameworks */,
				695AFEA02AB3133C00846AB2 /* Resources */,
			);
			buildRules = (
			);
			dependencies = (
			);
			name = "Core Data Example";
			productName = "Core Data Example";
			productReference = 695AFEA22AB3133C00846AB2 /* Core Data Example.app */;
			productType = "com.apple.product-type.application";
		};
/* End PBXNativeTarget section */

/* Begin PBXProject section */
		695AFE9A2AB3133C00846AB2 /* Project object */ = {
			isa = PBXProject;
			attributes = {
				BuildIndependentTargetsInParallel = 1;
				LastSwiftUpdateCheck = 1420;
				LastUpgradeCheck = 1420;
				TargetAttributes = {
					695AFEA12AB3133C00846AB2 = {
						CreatedOnToolsVersion = 14.2;
					};
				};
			};
			buildConfigurationList = 695AFE9D2AB3133C00846AB2 /* Build configuration list for PBXProject "Core Data Example" */;
			compatibilityVersion = "Xcode 14.0";
			developmentRegion = en;
			hasScannedForEncodings = 0;
			knownRegions = (
				en,
				Base,
			);
			mainGroup = 695AFE992AB3133C00846AB2;
			productRefGroup = 695AFEA32AB3133C00846AB2 /* Products */;
			projectDirPath = "";
			projectRoot = "";
			targets = (
				695AFEA12AB3133C00846AB2 /* Core Data Example */,
			);
		};
/* End PBXProject section */

/* Begin PBXResourcesBuildPhase section */
		695AFEA02AB3133C00846AB2 /* Resources */ = {
			isa = PBXResourcesBuildPhase;
			buildActionMask = 2147483647;
			files = (
				695AFEB52AB3133D00846AB2 /* LaunchScreen.storyboard in Resources */,
				695AFEB22AB3133D00846AB2 /* Assets.xcassets in Resources */,
				695AFEAD2AB3133C00846AB2 /* Main.storyboard in Resources */,
			);
			runOnlyForDeploymentPostprocessing = 0;
		};
/* End PBXResourcesBuildPhase section */

/* Begin PBXSourcesBuildPhase section */
		695AFE9E2AB3133C00846AB2 /* Sources */ = {
			isa = PBXSourcesBuildPhase;
			buildActionMask = 2147483647;
			files = (
				695AFEAA2AB3133C00846AB2 /* ViewController.swift in Sources */,
				695AFEA62AB3133C00846AB2 /* AppDelegate.swift in Sources */,
				695AFEA82AB3133C00846AB2 /* SceneDelegate.swift in Sources */,
				695AFEB02AB3133C00846AB2 /* Core_Data_Example.xcdatamodeld in Sources */,
			);
			runOnlyForDeploymentPostprocessing = 0;
		};
/* End PBXSourcesBuildPhase section */

/* Begin PBXVariantGroup section */
		695AFEAB2AB3133C00846AB2 /* Main.storyboard */ = {
			isa = PBXVariantGroup;
			children = (
				695AFEAC2AB3133C00846AB2 /* Base */,
			);
			name = Main.storyboard;
			sourceTree = "<group>";
		};
		695AFEB32AB3133D00846AB2 /* LaunchScreen.storyboard */ = {
			isa = PBXVariantGroup;
			children = (
				695AFEB42AB3133D00846AB2 /* Base */,
			);
			name = LaunchScreen.storyboard;
			sourceTree = "<group>";
		};
/* End PBXVariantGroup section */

/* Begin XCBuildConfiguration section */
		695AFEB72AB3133D00846AB2 /* Debug */ = {
			isa = XCBuildConfiguration;
			buildSettings = {
				ALWAYS_SEARCH_USER_PATHS = NO;
				CLANG_ANALYZER_NONNULL = YES;
				CLANG_ANALYZER_NUMBER_OBJECT_CONVERSION = YES_AGGRESSIVE;
				CLANG_CXX_LANGUAGE_STANDARD = "gnu++20";
				CLANG_ENABLE_MODULES = YES;
				CLANG_ENABLE_OBJC_ARC = YES;
				CLANG_ENABLE_OBJC_WEAK = YES;
				CLANG_WARN_BLOCK_CAPTURE_AUTORELEASING = YES;
				CLANG_WARN_BOOL_CONVERSION = YES;
				CLANG_WARN_COMMA = YES;
				CLANG_WARN_CONSTANT_CONVERSION = YES;
				CLANG_WARN_DEPRECATED_OBJC_IMPLEMENTATIONS = YES;
				CLANG_WARN_DIRECT_OBJC_ISA_USAGE = YES_ERROR;
				CLANG_WARN_DOCUMENTATION_COMMENTS = YES;
				CLANG_WARN_EMPTY_BODY = YES;
				CLANG_WARN_ENUM_CONVERSION = YES;
				CLANG_WARN_INFINITE_RECURSION = YES;
				CLANG_WARN_INT_CONVERSION = YES;
				CLANG_WARN_NON_LITERAL_NULL_CONVERSION = YES;
				CLANG_WARN_OBJC_IMPLICIT_RETAIN_SELF = YES;
				CLANG_WARN_OBJC_LITERAL_CONVERSION = YES;
				CLANG_WARN_OBJC_ROOT_CLASS = YES_ERROR;
				CLANG_WARN_QUOTED_INCLUDE_IN_FRAMEWORK_HEADER = YES;
				CLANG_WARN_RANGE_LOOP_ANALYSIS = YES;
				CLANG_WARN_STRICT_PROTOTYPES = YES;
				CLANG_WARN_SUSPICIOUS_MOVE = YES;
				CLANG_WARN_UNGUARDED_AVAILABILITY = YES_AGGRESSIVE;
				CLANG_WARN_UNREACHABLE_CODE = YES;
				CLANG_WARN__DUPLICATE_METHOD_MATCH = YES;
				COPY_PHASE_STRIP = NO;
				DEBUG_INFORMATION_FORMAT = dwarf;
				ENABLE_STRICT_OBJC_MSGSEND = YES;
				ENABLE_TESTABILITY = YES;
				GCC_C_LANGUAGE_STANDARD = gnu11;
				GCC_DYNAMIC_NO_PIC = NO;
				GCC_NO_COMMON_BLOCKS = YES;
				GCC_OPTIMIZATION_LEVEL = 0;
				GCC_PREPROCESSOR_DEFINITIONS = (
					"DEBUG=1",
					"$(inherited)",
				);
				GCC_WARN_64_TO_32_BIT_CONVERSION = YES;
				GCC_WARN_ABOUT_RETURN_TYPE = YES_ERROR;
				GCC_WARN_UNDECLARED_SELECTOR = YES;
				GCC_WARN_UNINITIALIZED_AUTOS = YES_AGGRESSIVE;
				GCC_WARN_UNUSED_FUNCTION = YES;
				GCC_WARN_UNUSED_VARIABLE = YES;
				IPHONEOS_DEPLOYMENT_TARGET = 16.2;
				MTL_ENABLE_DEBUG_INFO = INCLUDE_SOURCE;
				MTL_FAST_MATH = YES;
				ONLY_ACTIVE_ARCH = YES;
				SDKROOT = iphoneos;
				SWIFT_ACTIVE_COMPILATION_CONDITIONS = DEBUG;
				SWIFT_OPTIMIZATION_LEVEL = "-Onone";
			};
			name = Debug;
		};
		695AFEB82AB3133D00846AB2 /* Release */ = {
			isa = XCBuildConfiguration;
			buildSettings = {
				ALWAYS_SEARCH_USER_PATHS = NO;
				CLANG_ANALYZER_NONNULL = YES;
				CLANG_ANALYZER_NUMBER_OBJECT_CONVERSION = YES_AGGRESSIVE;
				CLANG_CXX_LANGUAGE_STANDARD = "gnu++20";
				CLANG_ENABLE_MODULES = YES;
				CLANG_ENABLE_OBJC_ARC = YES;
				CLANG_ENABLE_OBJC_WEAK = YES;
				CLANG_WARN_BLOCK_CAPTURE_AUTORELEASING = YES;
				CLANG_WARN_BOOL_CONVERSION = YES;
				CLANG_WARN_COMMA = YES;
				CLANG_WARN_CONSTANT_CONVERSION = YES;
				CLANG_WARN_DEPRECATED_OBJC_IMPLEMENTATIONS = YES;
				CLANG_WARN_DIRECT_OBJC_ISA_USAGE = YES_ERROR;
				CLANG_WARN_DOCUMENTATION_COMMENTS = YES;
				CLANG_WARN_EMPTY_BODY = YES;
				CLANG_WARN_ENUM_CONVERSION = YES;
				CLANG_WARN_INFINITE_RECURSION = YES;
				CLANG_WARN_INT_CONVERSION = YES;
				CLANG_WARN_NON_LITERAL_NULL_CONVERSION = YES;
				CLANG_WARN_OBJC_IMPLICIT_RETAIN_SELF = YES;
				CLANG_WARN_OBJC_LITERAL_CONVERSION = YES;
				CLANG_WARN_OBJC_ROOT_CLASS = YES_ERROR;
				CLANG_WARN_QUOTED_INCLUDE_IN_FRAMEWORK_HEADER = YES;
				CLANG_WARN_RANGE_LOOP_ANALYSIS = YES;
				CLANG_WARN_STRICT_PROTOTYPES = YES;
				CLANG_WARN_SUSPICIOUS_MOVE = YES;
				CLANG_WARN_UNGUARDED_AVAILABILITY = YES_AGGRESSIVE;
				CLANG_WARN_UNREACHABLE_CODE = YES;
				CLANG_WARN__DUPLICATE_METHOD_MATCH = YES;
				COPY_PHASE_STRIP = NO;
				DEBUG_INFORMATION_FORMAT = "dwarf-with-dsym";
				ENABLE_NS_ASSERTIONS = NO;
				ENABLE_STRICT_OBJC_MSGSEND = YES;
				GCC_C_LANGUAGE_STANDARD = gnu11;
				GCC_NO_COMMON_BLOCKS = YES;
				GCC_WARN_64_TO_32_BIT_CONVERSION = YES;
				GCC_WARN_ABOUT_RETURN_TYPE = YES_ERROR;
				GCC_WARN_UNDECLARED_SELECTOR = YES;
				GCC_WARN_UNINITIALIZED_AUTOS = YES_AGGRESSIVE;
				GCC_WARN_UNUSED_FUNCTION = YES;
				GCC_WARN_UNUSED_VARIABLE = YES;
				IPHONEOS_DEPLOYMENT_TARGET = 16.2;
				MTL_ENABLE_DEBUG_INFO = NO;
				MTL_FAST_MATH = YES;
				SDKROOT = iphoneos;
				SWIFT_COMPILATION_MODE = wholemodule;
				SWIFT_OPTIMIZATION_LEVEL = "-O";
				VALIDATE_PRODUCT = YES;
			};
			name = Release;
		};
		695AFEBA2AB3133D00846AB2 /* Debug */ = {
			isa = XCBuildConfiguration;
			buildSettings = {
				ASSETCATALOG_COMPILER_APPICON_NAME = AppIcon;
				ASSETCATALOG_COMPILER_GLOBAL_ACCENT_COLOR_NAME = AccentColor;
				CODE_SIGN_STYLE = Automatic;
				CURRENT_PROJECT_VERSION = 1;
				DEVELOPMENT_TEAM = 2NJH433Q6D;
				GENERATE_INFOPLIST_FILE = YES;
				INFOPLIST_FILE = "Core Data Example/Info.plist";
				INFOPLIST_KEY_UIApplicationSupportsIndirectInputEvents = YES;
				INFOPLIST_KEY_UILaunchStoryboardName = LaunchScreen;
				INFOPLIST_KEY_UIMainStoryboardFile = Main;
				INFOPLIST_KEY_UISupportedInterfaceOrientations_iPad = "UIInterfaceOrientationPortrait UIInterfaceOrientationPortraitUpsideDown UIInterfaceOrientationLandscapeLeft UIInterfaceOrientationLandscapeRight";
				INFOPLIST_KEY_UISupportedInterfaceOrientations_iPhone = "UIInterfaceOrientationPortrait UIInterfaceOrientationLandscapeLeft UIInterfaceOrientationLandscapeRight";
				LD_RUNPATH_SEARCH_PATHS = (
					"$(inherited)",
					"@executable_path/Frameworks",
				);
				MARKETING_VERSION = 1.0;
				PRODUCT_BUNDLE_IDENTIFIER = "io.fatih.Core-Data-Example";
				PRODUCT_NAME = "$(TARGET_NAME)";
				SWIFT_EMIT_LOC_STRINGS = YES;
				SWIFT_VERSION = 5.0;
				TARGETED_DEVICE_FAMILY = "1,2";
			};
			name = Debug;
		};
		695AFEBB2AB3133D00846AB2 /* Release */ = {
			isa = XCBuildConfiguration;
			buildSettings = {
				ASSETCATALOG_COMPILER_APPICON_NAME = AppIcon;
				ASSETCATALOG_COMPILER_GLOBAL_ACCENT_COLOR_NAME = AccentColor;
				CODE_SIGN_STYLE = Automatic;
				CURRENT_PROJECT_VERSION = 1;
				DEVELOPMENT_TEAM = 2NJH433Q6D;
				GENERATE_INFOPLIST_FILE = YES;
				INFOPLIST_FILE = "Core Data Example/Info.plist";
				INFOPLIST_KEY_UIApplicationSupportsIndirectInputEvents = YES;
				INFOPLIST_KEY_UILaunchStoryboardName = LaunchScreen;
				INFOPLIST_KEY_UIMainStoryboardFile = Main;
				INFOPLIST_KEY_UISupportedInterfaceOrientations_iPad = "UIInterfaceOrientationPortrait UIInterfaceOrientationPortraitUpsideDown UIInterfaceOrientationLandscapeLeft UIInterfaceOrientationLandscapeRight";
				INFOPLIST_KEY_UISupportedInterfaceOrientations_iPhone = "UIInterfaceOrientationPortrait UIInterfaceOrientationLandscapeLeft UIInterfaceOrientationLandscapeRight";
				LD_RUNPATH_SEARCH_PATHS = (
					"$(inherited)",
					"@executable_path/Frameworks",
				);
				MARKETING_VERSION = 1.0;
				PRODUCT_BUNDLE_IDENTIFIER = "io.fatih.Core-Data-Example";
				PRODUCT_NAME = "$(TARGET_NAME)";
				SWIFT_EMIT_LOC_STRINGS = YES;
				SWIFT_VERSION = 5.0;
				TARGETED_DEVICE_FAMILY = "1,2";
			};
			name = Release;
		};
/* End XCBuildConfiguration section */

/* Begin XCConfigurationList section */
		695AFE9D2AB3133C00846AB2 /* Build configuration list for PBXProject "Core Data Example" */ = {
			isa = XCConfigurationList;
			buildConfigurations = (
				695AFEB72AB3133D00846AB2 /* Debug */,
				695AFEB82AB3133D00846AB2 /* Release */,
			);
			defaultConfigurationIsVisible = 0;
			defaultConfigurationName = Release;
		};
		695AFEB92AB3133D00846AB2 /* Build configuration list for PBXNativeTarget "Core Data Example" */ = {
			isa = XCConfigurationList;
			buildConfigurations = (
				695AFEBA2AB3133D00846AB2 /* Debug */,
				695AFEBB2AB3133D00846AB2 /* Release */,
			);
			defaultConfigurationIsVisible = 0;
			defaultConfigurationName = Release;
		};
/* End XCConfigurationList section */

/* Begin XCVersionGroup section */
		695AFEAE2AB3133C00846AB2 /* Core_Data_Example.xcdatamodeld */ = {
			isa = XCVersionGroup;
			children = (
				695AFEAF2AB3133C00846AB2 /* Core_Data_Example.xcdatamodel */,
			);
			currentVersion = 695AFEAF2AB3133C00846AB2 /* Core_Data_Example.xcdatamodel */;
			path = Core_Data_Example.xcdatamodeld;
			sourceTree = "<group>";
			versionGroupType = wrapper.xcdatamodel;
		};
/* End XCVersionGroup section */
	};
	rootObject = 695AFE9A2AB3133C00846AB2 /* Project object */;
}
